
Microsoft Visual Studio Solution File, Format Version 12.00
# Visual Studio Version 16
VisualStudioVersion = 16.0.29509.3
MinimumVisualStudioVersion = 10.0.40219.1
Project("{9A19103F-16F7-4668-BE54-9A1E7A4F7556}") = "Gizmo.DAL.Entities", "Gizmo.DAL.Entities.csproj", "{57F84383-4D82-4841-8406-CFEA054A7428}"
EndProject
Project("{9A19103F-16F7-4668-BE54-9A1E7A4F7556}") = "DataInterfaces", "..\DataInterfaces\DataInterfaces\DataInterfaces.csproj", "{FB027482-95AD-4002-A8EA-02CC29E2D4FB}"
EndProject
Global
	GlobalSection(SolutionConfigurationPlatforms) = preSolution
		Debug|Any CPU = Debug|Any CPU
		Debug|x64 = Debug|x64
		NET_5_DEBUG|Any CPU = NET_5_DEBUG|Any CPU
		NET_5_DEBUG|x64 = NET_5_DEBUG|x64
		NET_5_RELEASE|Any CPU = NET_5_RELEASE|Any CPU
		NET_5_RELEASE|x64 = NET_5_RELEASE|x64
		NET_5_WIN_DEBUG|Any CPU = NET_5_WIN_DEBUG|Any CPU
		NET_5_WIN_DEBUG|x64 = NET_5_WIN_DEBUG|x64
		NET_5_WIN_RELEASE|Any CPU = NET_5_WIN_RELEASE|Any CPU
		NET_5_WIN_RELEASE|x64 = NET_5_WIN_RELEASE|x64
		Release|Any CPU = Release|Any CPU
		Release|x64 = Release|x64
	EndGlobalSection
	GlobalSection(ProjectConfigurationPlatforms) = postSolution
		{57F84383-4D82-4841-8406-CFEA054A7428}.Debug|Any CPU.ActiveCfg = Debug|Any CPU
		{57F84383-4D82-4841-8406-CFEA054A7428}.Debug|Any CPU.Build.0 = Debug|Any CPU
		{57F84383-4D82-4841-8406-CFEA054A7428}.Debug|x64.ActiveCfg = Debug|Any CPU
		{57F84383-4D82-4841-8406-CFEA054A7428}.Debug|x64.Build.0 = Debug|Any CPU
		{57F84383-4D82-4841-8406-CFEA054A7428}.NET_5_DEBUG|Any CPU.ActiveCfg = NET_5_DEBUG|Any CPU
		{57F84383-4D82-4841-8406-CFEA054A7428}.NET_5_DEBUG|Any CPU.Build.0 = NET_5_DEBUG|Any CPU
		{57F84383-4D82-4841-8406-CFEA054A7428}.NET_5_DEBUG|x64.ActiveCfg = NET_5_DEBUG|Any CPU
		{57F84383-4D82-4841-8406-CFEA054A7428}.NET_5_DEBUG|x64.Build.0 = NET_5_DEBUG|Any CPU
		{57F84383-4D82-4841-8406-CFEA054A7428}.NET_5_RELEASE|Any CPU.ActiveCfg = NET_5_RELEASE|Any CPU
		{57F84383-4D82-4841-8406-CFEA054A7428}.NET_5_RELEASE|Any CPU.Build.0 = NET_5_RELEASE|Any CPU
		{57F84383-4D82-4841-8406-CFEA054A7428}.NET_5_RELEASE|x64.ActiveCfg = NET_5_RELEASE|Any CPU
		{57F84383-4D82-4841-8406-CFEA054A7428}.NET_5_RELEASE|x64.Build.0 = NET_5_RELEASE|Any CPU
		{57F84383-4D82-4841-8406-CFEA054A7428}.NET_5_WIN_DEBUG|Any CPU.ActiveCfg = NET_5_WIN_DEBUG|Any CPU
		{57F84383-4D82-4841-8406-CFEA054A7428}.NET_5_WIN_DEBUG|Any CPU.Build.0 = NET_5_WIN_DEBUG|Any CPU
		{57F84383-4D82-4841-8406-CFEA054A7428}.NET_5_WIN_DEBUG|x64.ActiveCfg = NET_5_WIN_DEBUG|Any CPU
		{57F84383-4D82-4841-8406-CFEA054A7428}.NET_5_WIN_DEBUG|x64.Build.0 = NET_5_WIN_DEBUG|Any CPU
		{57F84383-4D82-4841-8406-CFEA054A7428}.NET_5_WIN_RELEASE|Any CPU.ActiveCfg = NET_5_WIN_RELEASE|Any CPU
		{57F84383-4D82-4841-8406-CFEA054A7428}.NET_5_WIN_RELEASE|Any CPU.Build.0 = NET_5_WIN_RELEASE|Any CPU
		{57F84383-4D82-4841-8406-CFEA054A7428}.NET_5_WIN_RELEASE|x64.ActiveCfg = NET_5_WIN_RELEASE|Any CPU
		{57F84383-4D82-4841-8406-CFEA054A7428}.NET_5_WIN_RELEASE|x64.Build.0 = NET_5_WIN_RELEASE|Any CPU
		{57F84383-4D82-4841-8406-CFEA054A7428}.Release|Any CPU.ActiveCfg = Release|Any CPU
		{57F84383-4D82-4841-8406-CFEA054A7428}.Release|Any CPU.Build.0 = Release|Any CPU
		{57F84383-4D82-4841-8406-CFEA054A7428}.Release|x64.ActiveCfg = Release|Any CPU
		{57F84383-4D82-4841-8406-CFEA054A7428}.Release|x64.Build.0 = Release|Any CPU
		{FB027482-95AD-4002-A8EA-02CC29E2D4FB}.Debug|Any CPU.ActiveCfg = Debug|Any CPU
		{FB027482-95AD-4002-A8EA-02CC29E2D4FB}.Debug|Any CPU.Build.0 = Debug|Any CPU
		{FB027482-95AD-4002-A8EA-02CC29E2D4FB}.Debug|x64.ActiveCfg = Debug|Any CPU
		{FB027482-95AD-4002-A8EA-02CC29E2D4FB}.Debug|x64.Build.0 = Debug|Any CPU
		{FB027482-95AD-4002-A8EA-02CC29E2D4FB}.NET_5_DEBUG|Any CPU.ActiveCfg = NET_5_DEBUG|Any CPU
		{FB027482-95AD-4002-A8EA-02CC29E2D4FB}.NET_5_DEBUG|Any CPU.Build.0 = NET_5_DEBUG|Any CPU
		{FB027482-95AD-4002-A8EA-02CC29E2D4FB}.NET_5_DEBUG|x64.ActiveCfg = NET_5_DEBUG|Any CPU
		{FB027482-95AD-4002-A8EA-02CC29E2D4FB}.NET_5_DEBUG|x64.Build.0 = NET_5_DEBUG|Any CPU
		{FB027482-95AD-4002-A8EA-02CC29E2D4FB}.NET_5_RELEASE|Any CPU.ActiveCfg = NET_5_RELEASE|Any CPU
		{FB027482-95AD-4002-A8EA-02CC29E2D4FB}.NET_5_RELEASE|Any CPU.Build.0 = NET_5_RELEASE|Any CPU
		{FB027482-95AD-4002-A8EA-02CC29E2D4FB}.NET_5_RELEASE|x64.ActiveCfg = NET_5_RELEASE|Any CPU
		{FB027482-95AD-4002-A8EA-02CC29E2D4FB}.NET_5_RELEASE|x64.Build.0 = NET_5_RELEASE|Any CPU
		{FB027482-95AD-4002-A8EA-02CC29E2D4FB}.NET_5_WIN_DEBUG|Any CPU.ActiveCfg = NET_5_WIN_DEBUG|Any CPU
		{FB027482-95AD-4002-A8EA-02CC29E2D4FB}.NET_5_WIN_DEBUG|Any CPU.Build.0 = NET_5_WIN_DEBUG|Any CPU
		{FB027482-95AD-4002-A8EA-02CC29E2D4FB}.NET_5_WIN_DEBUG|x64.ActiveCfg = NET_5_WIN_DEBUG|Any CPU
		{FB027482-95AD-4002-A8EA-02CC29E2D4FB}.NET_5_WIN_DEBUG|x64.Build.0 = NET_5_WIN_DEBUG|Any CPU
		{FB027482-95AD-4002-A8EA-02CC29E2D4FB}.NET_5_WIN_RELEASE|Any CPU.ActiveCfg = NET_5_WIN_RELEASE|Any CPU
		{FB027482-95AD-4002-A8EA-02CC29E2D4FB}.NET_5_WIN_RELEASE|Any CPU.Build.0 = NET_5_WIN_RELEASE|Any CPU
		{FB027482-95AD-4002-A8EA-02CC29E2D4FB}.NET_5_WIN_RELEASE|x64.ActiveCfg = NET_5_WIN_RELEASE|Any CPU
		{FB027482-95AD-4002-A8EA-02CC29E2D4FB}.NET_5_WIN_RELEASE|x64.Build.0 = NET_5_WIN_RELEASE|Any CPU
		{FB027482-95AD-4002-A8EA-02CC29E2D4FB}.Release|Any CPU.ActiveCfg = Release|Any CPU
		{FB027482-95AD-4002-A8EA-02CC29E2D4FB}.Release|Any CPU.Build.0 = Release|Any CPU
		{FB027482-95AD-4002-A8EA-02CC29E2D4FB}.Release|x64.ActiveCfg = Release|Any CPU
		{FB027482-95AD-4002-A8EA-02CC29E2D4FB}.Release|x64.Build.0 = Release|Any CPU
	EndGlobalSection
	GlobalSection(SolutionProperties) = preSolution
		HideSolutionNode = FALSE
	EndGlobalSection
	GlobalSection(ExtensibilityGlobals) = postSolution
		SolutionGuid = {C8239AA3-369C-4FC3-8DDF-737E989893B6}
	EndGlobalSection
EndGlobal
